// !$*UTF8*$!
{
	archiveVersion = 1;
	classes = {
	};
	objectVersion = 48;
	objects = {

/* Begin PBXBuildFile section */
		374BFC9720158E5D00EA8DFC /* AppDelegate.swift in Sources */ = {isa = PBXBuildFile; fileRef = 374BFC9620158E5D00EA8DFC /* AppDelegate.swift */; };
		374BFC9920158E5E00EA8DFC /* ViewController.swift in Sources */ = {isa = PBXBuildFile; fileRef = 374BFC9820158E5D00EA8DFC /* ViewController.swift */; };
		374BFC9C20158E5E00EA8DFC /* Main.storyboard in Resources */ = {isa = PBXBuildFile; fileRef = 374BFC9A20158E5E00EA8DFC /* Main.storyboard */; };
		374BFC9E20158E5E00EA8DFC /* Assets.xcassets in Resources */ = {isa = PBXBuildFile; fileRef = 374BFC9D20158E5E00EA8DFC /* Assets.xcassets */; };
		374BFCA120158E5E00EA8DFC /* LaunchScreen.storyboard in Resources */ = {isa = PBXBuildFile; fileRef = 374BFC9F20158E5E00EA8DFC /* LaunchScreen.storyboard */; };
		374BFCAC20158E5E00EA8DFC /* iCertAdminTests.swift in Sources */ = {isa = PBXBuildFile; fileRef = 374BFCAB20158E5E00EA8DFC /* iCertAdminTests.swift */; };
		374BFCB720158E5E00EA8DFC /* iCertAdminUITests.swift in Sources */ = {isa = PBXBuildFile; fileRef = 374BFCB620158E5E00EA8DFC /* iCertAdminUITests.swift */; };
		374BFCC520158F5200EA8DFC /* HomeViewController.swift in Sources */ = {isa = PBXBuildFile; fileRef = 374BFCC420158F5200EA8DFC /* HomeViewController.swift */; };
		374BFCC7201590A500EA8DFC /* Configure.swift in Sources */ = {isa = PBXBuildFile; fileRef = 374BFCC6201590A500EA8DFC /* Configure.swift */; };
		374BFCC9201590B800EA8DFC /* LocalDevelopment.swift in Sources */ = {isa = PBXBuildFile; fileRef = 374BFCC8201590B800EA8DFC /* LocalDevelopment.swift */; };
		37E97FC32015A87C00A5F492 /* CartsSegmentViewController.swift in Sources */ = {isa = PBXBuildFile; fileRef = 37E97FC22015A87C00A5F492 /* CartsSegmentViewController.swift */; };
		37E97FC52015A89F00A5F492 /* Model.swift in Sources */ = {isa = PBXBuildFile; fileRef = 37E97FC42015A89F00A5F492 /* Model.swift */; };
		37E97FC72015A91400A5F492 /* PapersSegmentViewController.swift in Sources */ = {isa = PBXBuildFile; fileRef = 37E97FC62015A91300A5F492 /* PapersSegmentViewController.swift */; };
		7FC7E6B190C1EBF5DFD3C97F /* Pods_iCertAdminTests.framework in Frameworks */ = {isa = PBXBuildFile; fileRef = 69F40A672B54DAE2CBA0C20F /* Pods_iCertAdminTests.framework */; };
		D795A8D1D9B34B577C692161 /* Pods_iCertAdmin.framework in Frameworks */ = {isa = PBXBuildFile; fileRef = 5BEC81A1BDB317D504E9BDCC /* Pods_iCertAdmin.framework */; };
		F4BF5F1D4C1E89BB4EC50A15 /* Pods_iCertAdminUITests.framework in Frameworks */ = {isa = PBXBuildFile; fileRef = 5482C2823E418440919B366C /* Pods_iCertAdminUITests.framework */; };
/* End PBXBuildFile section */

/* Begin PBXContainerItemProxy section */
		374BFCA820158E5E00EA8DFC /* PBXContainerItemProxy */ = {
			isa = PBXContainerItemProxy;
			containerPortal = 374BFC8B20158E5D00EA8DFC /* Project object */;
			proxyType = 1;
			remoteGlobalIDString = 374BFC9220158E5D00EA8DFC;
			remoteInfo = iCertAdmin;
		};
		374BFCB320158E5E00EA8DFC /* PBXContainerItemProxy */ = {
			isa = PBXContainerItemProxy;
			containerPortal = 374BFC8B20158E5D00EA8DFC /* Project object */;
			proxyType = 1;
			remoteGlobalIDString = 374BFC9220158E5D00EA8DFC;
			remoteInfo = iCertAdmin;
		};
/* End PBXContainerItemProxy section */

/* Begin PBXFileReference section */
		1F756846652B5083ECCBACD1 /* Pods-iCertAdmin.release.xcconfig */ = {isa = PBXFileReference; includeInIndex = 1; lastKnownFileType = text.xcconfig; name = "Pods-iCertAdmin.release.xcconfig"; path = "Pods/Target Support Files/Pods-iCertAdmin/Pods-iCertAdmin.release.xcconfig"; sourceTree = "<group>"; };
		2F09A09E0FA49E600FB0D086 /* Pods-iCertAdminUITests.debug.xcconfig */ = {isa = PBXFileReference; includeInIndex = 1; lastKnownFileType = text.xcconfig; name = "Pods-iCertAdminUITests.debug.xcconfig"; path = "Pods/Target Support Files/Pods-iCertAdminUITests/Pods-iCertAdminUITests.debug.xcconfig"; sourceTree = "<group>"; };
		374BFC9320158E5D00EA8DFC /* iCertAdmin.app */ = {isa = PBXFileReference; explicitFileType = wrapper.application; includeInIndex = 0; path = iCertAdmin.app; sourceTree = BUILT_PRODUCTS_DIR; };
		374BFC9620158E5D00EA8DFC /* AppDelegate.swift */ = {isa = PBXFileReference; lastKnownFileType = sourcecode.swift; path = AppDelegate.swift; sourceTree = "<group>"; };
		374BFC9820158E5D00EA8DFC /* ViewController.swift */ = {isa = PBXFileReference; lastKnownFileType = sourcecode.swift; path = ViewController.swift; sourceTree = "<group>"; };
		374BFC9B20158E5E00EA8DFC /* Base */ = {isa = PBXFileReference; lastKnownFileType = file.storyboard; name = Base; path = Base.lproj/Main.storyboard; sourceTree = "<group>"; };
		374BFC9D20158E5E00EA8DFC /* Assets.xcassets */ = {isa = PBXFileReference; lastKnownFileType = folder.assetcatalog; path = Assets.xcassets; sourceTree = "<group>"; };
		374BFCA020158E5E00EA8DFC /* Base */ = {isa = PBXFileReference; lastKnownFileType = file.storyboard; name = Base; path = Base.lproj/LaunchScreen.storyboard; sourceTree = "<group>"; };
		374BFCA220158E5E00EA8DFC /* Info.plist */ = {isa = PBXFileReference; lastKnownFileType = text.plist.xml; path = Info.plist; sourceTree = "<group>"; };
		374BFCA720158E5E00EA8DFC /* iCertAdminTests.xctest */ = {isa = PBXFileReference; explicitFileType = wrapper.cfbundle; includeInIndex = 0; path = iCertAdminTests.xctest; sourceTree = BUILT_PRODUCTS_DIR; };
		374BFCAB20158E5E00EA8DFC /* iCertAdminTests.swift */ = {isa = PBXFileReference; lastKnownFileType = sourcecode.swift; path = iCertAdminTests.swift; sourceTree = "<group>"; };
		374BFCAD20158E5E00EA8DFC /* Info.plist */ = {isa = PBXFileReference; lastKnownFileType = text.plist.xml; path = Info.plist; sourceTree = "<group>"; };
		374BFCB220158E5E00EA8DFC /* iCertAdminUITests.xctest */ = {isa = PBXFileReference; explicitFileType = wrapper.cfbundle; includeInIndex = 0; path = iCertAdminUITests.xctest; sourceTree = BUILT_PRODUCTS_DIR; };
		374BFCB620158E5E00EA8DFC /* iCertAdminUITests.swift */ = {isa = PBXFileReference; lastKnownFileType = sourcecode.swift; path = iCertAdminUITests.swift; sourceTree = "<group>"; };
		374BFCB820158E5E00EA8DFC /* Info.plist */ = {isa = PBXFileReference; lastKnownFileType = text.plist.xml; path = Info.plist; sourceTree = "<group>"; };
		374BFCC420158F5200EA8DFC /* HomeViewController.swift */ = {isa = PBXFileReference; lastKnownFileType = sourcecode.swift; path = HomeViewController.swift; sourceTree = "<group>"; };
		374BFCC6201590A500EA8DFC /* Configure.swift */ = {isa = PBXFileReference; fileEncoding = 4; lastKnownFileType = sourcecode.swift; path = Configure.swift; sourceTree = "<group>"; };
		374BFCC8201590B800EA8DFC /* LocalDevelopment.swift */ = {isa = PBXFileReference; fileEncoding = 4; lastKnownFileType = sourcecode.swift; path = LocalDevelopment.swift; sourceTree = "<group>"; };
		37E97FC22015A87C00A5F492 /* CartsSegmentViewController.swift */ = {isa = PBXFileReference; fileEncoding = 4; lastKnownFileType = sourcecode.swift; path = CartsSegmentViewController.swift; sourceTree = "<group>"; };
		37E97FC42015A89F00A5F492 /* Model.swift */ = {isa = PBXFileReference; fileEncoding = 4; lastKnownFileType = sourcecode.swift; path = Model.swift; sourceTree = "<group>"; };
		37E97FC62015A91300A5F492 /* PapersSegmentViewController.swift */ = {isa = PBXFileReference; fileEncoding = 4; lastKnownFileType = sourcecode.swift; path = PapersSegmentViewController.swift; sourceTree = "<group>"; };
		5482C2823E418440919B366C /* Pods_iCertAdminUITests.framework */ = {isa = PBXFileReference; explicitFileType = wrapper.framework; includeInIndex = 0; path = Pods_iCertAdminUITests.framework; sourceTree = BUILT_PRODUCTS_DIR; };
		5BEC81A1BDB317D504E9BDCC /* Pods_iCertAdmin.framework */ = {isa = PBXFileReference; explicitFileType = wrapper.framework; includeInIndex = 0; path = Pods_iCertAdmin.framework; sourceTree = BUILT_PRODUCTS_DIR; };
		69F40A672B54DAE2CBA0C20F /* Pods_iCertAdminTests.framework */ = {isa = PBXFileReference; explicitFileType = wrapper.framework; includeInIndex = 0; path = Pods_iCertAdminTests.framework; sourceTree = BUILT_PRODUCTS_DIR; };
		A4BC2C6A44319CA646D915B9 /* Pods-iCertAdminTests.release.xcconfig */ = {isa = PBXFileReference; includeInIndex = 1; lastKnownFileType = text.xcconfig; name = "Pods-iCertAdminTests.release.xcconfig"; path = "Pods/Target Support Files/Pods-iCertAdminTests/Pods-iCertAdminTests.release.xcconfig"; sourceTree = "<group>"; };
		BFDA3C1E739BEA4C2DDF7308 /* Pods-iCertAdminUITests.release.xcconfig */ = {isa = PBXFileReference; includeInIndex = 1; lastKnownFileType = text.xcconfig; name = "Pods-iCertAdminUITests.release.xcconfig"; path = "Pods/Target Support Files/Pods-iCertAdminUITests/Pods-iCertAdminUITests.release.xcconfig"; sourceTree = "<group>"; };
		D024885FA95FB782FA93A8FA /* Pods-iCertAdminTests.debug.xcconfig */ = {isa = PBXFileReference; includeInIndex = 1; lastKnownFileType = text.xcconfig; name = "Pods-iCertAdminTests.debug.xcconfig"; path = "Pods/Target Support Files/Pods-iCertAdminTests/Pods-iCertAdminTests.debug.xcconfig"; sourceTree = "<group>"; };
		FEC31C5A3E6F42717E671D23 /* Pods-iCertAdmin.debug.xcconfig */ = {isa = PBXFileReference; includeInIndex = 1; lastKnownFileType = text.xcconfig; name = "Pods-iCertAdmin.debug.xcconfig"; path = "Pods/Target Support Files/Pods-iCertAdmin/Pods-iCertAdmin.debug.xcconfig"; sourceTree = "<group>"; };
/* End PBXFileReference section */

/* Begin PBXFrameworksBuildPhase section */
		374BFC9020158E5D00EA8DFC /* Frameworks */ = {
			isa = PBXFrameworksBuildPhase;
			buildActionMask = 2147483647;
			files = (
				D795A8D1D9B34B577C692161 /* Pods_iCertAdmin.framework in Frameworks */,
			);
			runOnlyForDeploymentPostprocessing = 0;
		};
		374BFCA420158E5E00EA8DFC /* Frameworks */ = {
			isa = PBXFrameworksBuildPhase;
			buildActionMask = 2147483647;
			files = (
				7FC7E6B190C1EBF5DFD3C97F /* Pods_iCertAdminTests.framework in Frameworks */,
			);
			runOnlyForDeploymentPostprocessing = 0;
		};
		374BFCAF20158E5E00EA8DFC /* Frameworks */ = {
			isa = PBXFrameworksBuildPhase;
			buildActionMask = 2147483647;
			files = (
				F4BF5F1D4C1E89BB4EC50A15 /* Pods_iCertAdminUITests.framework in Frameworks */,
			);
			runOnlyForDeploymentPostprocessing = 0;
		};
/* End PBXFrameworksBuildPhase section */

/* Begin PBXGroup section */
		0F481E8FBB886BD0E8E0CC07 /* Pods */ = {
			isa = PBXGroup;
			children = (
				FEC31C5A3E6F42717E671D23 /* Pods-iCertAdmin.debug.xcconfig */,
				1F756846652B5083ECCBACD1 /* Pods-iCertAdmin.release.xcconfig */,
				D024885FA95FB782FA93A8FA /* Pods-iCertAdminTests.debug.xcconfig */,
				A4BC2C6A44319CA646D915B9 /* Pods-iCertAdminTests.release.xcconfig */,
				2F09A09E0FA49E600FB0D086 /* Pods-iCertAdminUITests.debug.xcconfig */,
				BFDA3C1E739BEA4C2DDF7308 /* Pods-iCertAdminUITests.release.xcconfig */,
			);
			name = Pods;
			sourceTree = "<group>";
		};
		374BFC8A20158E5D00EA8DFC = {
			isa = PBXGroup;
			children = (
				374BFC9520158E5D00EA8DFC /* iCertAdmin */,
				374BFCAA20158E5E00EA8DFC /* iCertAdminTests */,
				374BFCB520158E5E00EA8DFC /* iCertAdminUITests */,
				374BFC9420158E5D00EA8DFC /* Products */,
				0F481E8FBB886BD0E8E0CC07 /* Pods */,
				C1846954F31C5E5D349C6D15 /* Frameworks */,
			);
			sourceTree = "<group>";
		};
		374BFC9420158E5D00EA8DFC /* Products */ = {
			isa = PBXGroup;
			children = (
				374BFC9320158E5D00EA8DFC /* iCertAdmin.app */,
				374BFCA720158E5E00EA8DFC /* iCertAdminTests.xctest */,
				374BFCB220158E5E00EA8DFC /* iCertAdminUITests.xctest */,
			);
			name = Products;
			sourceTree = "<group>";
		};
		374BFC9520158E5D00EA8DFC /* iCertAdmin */ = {
			isa = PBXGroup;
			children = (
				374BFCC6201590A500EA8DFC /* Configure.swift */,
				374BFC9620158E5D00EA8DFC /* AppDelegate.swift */,
				374BFC9820158E5D00EA8DFC /* ViewController.swift */,
				374BFCC8201590B800EA8DFC /* LocalDevelopment.swift */,
				37E97FC62015A91300A5F492 /* PapersSegmentViewController.swift */,
				37E97FC22015A87C00A5F492 /* CartsSegmentViewController.swift */,
				374BFC9A20158E5E00EA8DFC /* Main.storyboard */,
				374BFC9D20158E5E00EA8DFC /* Assets.xcassets */,
				37E97FC42015A89F00A5F492 /* Model.swift */,
				374BFC9F20158E5E00EA8DFC /* LaunchScreen.storyboard */,
				374BFCA220158E5E00EA8DFC /* Info.plist */,
				374BFCC420158F5200EA8DFC /* HomeViewController.swift */,
			);
			path = iCertAdmin;
			sourceTree = "<group>";
		};
		374BFCAA20158E5E00EA8DFC /* iCertAdminTests */ = {
			isa = PBXGroup;
			children = (
				374BFCAB20158E5E00EA8DFC /* iCertAdminTests.swift */,
				374BFCAD20158E5E00EA8DFC /* Info.plist */,
			);
			path = iCertAdminTests;
			sourceTree = "<group>";
		};
		374BFCB520158E5E00EA8DFC /* iCertAdminUITests */ = {
			isa = PBXGroup;
			children = (
				374BFCB620158E5E00EA8DFC /* iCertAdminUITests.swift */,
				374BFCB820158E5E00EA8DFC /* Info.plist */,
			);
			path = iCertAdminUITests;
			sourceTree = "<group>";
		};
		C1846954F31C5E5D349C6D15 /* Frameworks */ = {
			isa = PBXGroup;
			children = (
				5BEC81A1BDB317D504E9BDCC /* Pods_iCertAdmin.framework */,
				69F40A672B54DAE2CBA0C20F /* Pods_iCertAdminTests.framework */,
				5482C2823E418440919B366C /* Pods_iCertAdminUITests.framework */,
			);
			name = Frameworks;
			sourceTree = "<group>";
		};
/* End PBXGroup section */

/* Begin PBXNativeTarget section */
		374BFC9220158E5D00EA8DFC /* iCertAdmin */ = {
			isa = PBXNativeTarget;
			buildConfigurationList = 374BFCBB20158E5E00EA8DFC /* Build configuration list for PBXNativeTarget "iCertAdmin" */;
			buildPhases = (
				D07B2D66BB4ACCE977D2D6F4 /* [CP] Check Pods Manifest.lock */,
				374BFC8F20158E5D00EA8DFC /* Sources */,
				374BFC9020158E5D00EA8DFC /* Frameworks */,
				374BFC9120158E5D00EA8DFC /* Resources */,
				1A9ED21C4C2557C033F3580A /* [CP] Embed Pods Frameworks */,
				5BBE24F3DD6DD9C86C04AC68 /* [CP] Copy Pods Resources */,
				374BFCCA2015912700EA8DFC /* ShellScript */,
			);
			buildRules = (
			);
			dependencies = (
			);
			name = iCertAdmin;
			productName = iCertAdmin;
			productReference = 374BFC9320158E5D00EA8DFC /* iCertAdmin.app */;
			productType = "com.apple.product-type.application";
		};
		374BFCA620158E5E00EA8DFC /* iCertAdminTests */ = {
			isa = PBXNativeTarget;
			buildConfigurationList = 374BFCBE20158E5E00EA8DFC /* Build configuration list for PBXNativeTarget "iCertAdminTests" */;
			buildPhases = (
				02FA565270151BD7F4BEDDED /* [CP] Check Pods Manifest.lock */,
				374BFCA320158E5E00EA8DFC /* Sources */,
				374BFCA420158E5E00EA8DFC /* Frameworks */,
				374BFCA520158E5E00EA8DFC /* Resources */,
				6C570DDA9A8605443555F11C /* [CP] Embed Pods Frameworks */,
				A91C660A7806ABE603F03E56 /* [CP] Copy Pods Resources */,
			);
			buildRules = (
			);
			dependencies = (
				374BFCA920158E5E00EA8DFC /* PBXTargetDependency */,
			);
			name = iCertAdminTests;
			productName = iCertAdminTests;
			productReference = 374BFCA720158E5E00EA8DFC /* iCertAdminTests.xctest */;
			productType = "com.apple.product-type.bundle.unit-test";
		};
		374BFCB120158E5E00EA8DFC /* iCertAdminUITests */ = {
			isa = PBXNativeTarget;
			buildConfigurationList = 374BFCC120158E5E00EA8DFC /* Build configuration list for PBXNativeTarget "iCertAdminUITests" */;
			buildPhases = (
				98BFCC0A1F6C7B362EFFF11B /* [CP] Check Pods Manifest.lock */,
				374BFCAE20158E5E00EA8DFC /* Sources */,
				374BFCAF20158E5E00EA8DFC /* Frameworks */,
				374BFCB020158E5E00EA8DFC /* Resources */,
				C2F42FAFACE0CF17F1B1C54A /* [CP] Embed Pods Frameworks */,
				E8AA223F6DA35DECEAB9E18C /* [CP] Copy Pods Resources */,
			);
			buildRules = (
			);
			dependencies = (
				374BFCB420158E5E00EA8DFC /* PBXTargetDependency */,
			);
			name = iCertAdminUITests;
			productName = iCertAdminUITests;
			productReference = 374BFCB220158E5E00EA8DFC /* iCertAdminUITests.xctest */;
			productType = "com.apple.product-type.bundle.ui-testing";
		};
/* End PBXNativeTarget section */

/* Begin PBXProject section */
		374BFC8B20158E5D00EA8DFC /* Project object */ = {
			isa = PBXProject;
			attributes = {
				LastSwiftUpdateCheck = 0920;
				LastUpgradeCheck = 0920;
				ORGANIZATIONNAME = ctslin;
				TargetAttributes = {
					374BFC9220158E5D00EA8DFC = {
						CreatedOnToolsVersion = 9.2;
						ProvisioningStyle = Automatic;
					};
					374BFCA620158E5E00EA8DFC = {
						CreatedOnToolsVersion = 9.2;
						ProvisioningStyle = Automatic;
						TestTargetID = 374BFC9220158E5D00EA8DFC;
					};
					374BFCB120158E5E00EA8DFC = {
						CreatedOnToolsVersion = 9.2;
						ProvisioningStyle = Automatic;
						TestTargetID = 374BFC9220158E5D00EA8DFC;
					};
				};
			};
			buildConfigurationList = 374BFC8E20158E5D00EA8DFC /* Build configuration list for PBXProject "iCertAdmin" */;
			compatibilityVersion = "Xcode 8.0";
			developmentRegion = en;
			hasScannedForEncodings = 0;
			knownRegions = (
				en,
				Base,
			);
			mainGroup = 374BFC8A20158E5D00EA8DFC;
			productRefGroup = 374BFC9420158E5D00EA8DFC /* Products */;
			projectDirPath = "";
			projectRoot = "";
			targets = (
				374BFC9220158E5D00EA8DFC /* iCertAdmin */,
				374BFCA620158E5E00EA8DFC /* iCertAdminTests */,
				374BFCB120158E5E00EA8DFC /* iCertAdminUITests */,
			);
		};
/* End PBXProject section */

/* Begin PBXResourcesBuildPhase section */
		374BFC9120158E5D00EA8DFC /* Resources */ = {
			isa = PBXResourcesBuildPhase;
			buildActionMask = 2147483647;
			files = (
				374BFCA120158E5E00EA8DFC /* LaunchScreen.storyboard in Resources */,
				374BFC9E20158E5E00EA8DFC /* Assets.xcassets in Resources */,
				374BFC9C20158E5E00EA8DFC /* Main.storyboard in Resources */,
			);
			runOnlyForDeploymentPostprocessing = 0;
		};
		374BFCA520158E5E00EA8DFC /* Resources */ = {
			isa = PBXResourcesBuildPhase;
			buildActionMask = 2147483647;
			files = (
			);
			runOnlyForDeploymentPostprocessing = 0;
		};
		374BFCB020158E5E00EA8DFC /* Resources */ = {
			isa = PBXResourcesBuildPhase;
			buildActionMask = 2147483647;
			files = (
			);
			runOnlyForDeploymentPostprocessing = 0;
		};
/* End PBXResourcesBuildPhase section */

/* Begin PBXShellScriptBuildPhase section */
		02FA565270151BD7F4BEDDED /* [CP] Check Pods Manifest.lock */ = {
			isa = PBXShellScriptBuildPhase;
			buildActionMask = 2147483647;
			files = (
			);
			inputPaths = (
				"${PODS_PODFILE_DIR_PATH}/Podfile.lock",
				"${PODS_ROOT}/Manifest.lock",
			);
			name = "[CP] Check Pods Manifest.lock";
			outputPaths = (
				"$(DERIVED_FILE_DIR)/Pods-iCertAdminTests-checkManifestLockResult.txt",
			);
			runOnlyForDeploymentPostprocessing = 0;
			shellPath = /bin/sh;
			shellScript = "diff \"${PODS_PODFILE_DIR_PATH}/Podfile.lock\" \"${PODS_ROOT}/Manifest.lock\" > /dev/null\nif [ $? != 0 ] ; then\n    # print error to STDERR\n    echo \"error: The sandbox is not in sync with the Podfile.lock. Run 'pod install' or update your CocoaPods installation.\" >&2\n    exit 1\nfi\n# This output is used by Xcode 'outputs' to avoid re-running this script phase.\necho \"SUCCESS\" > \"${SCRIPT_OUTPUT_FILE_0}\"\n";
			showEnvVarsInLog = 0;
		};
		1A9ED21C4C2557C033F3580A /* [CP] Embed Pods Frameworks */ = {
			isa = PBXShellScriptBuildPhase;
			buildActionMask = 2147483647;
			files = (
			);
			inputPaths = (
				"${SRCROOT}/Pods/Target Support Files/Pods-iCertAdmin/Pods-iCertAdmin-frameworks.sh",
				"${BUILT_PRODUCTS_DIR}/Alamofire/Alamofire.framework",
				"${BUILT_PRODUCTS_DIR}/AssistantKit/AssistantKit.framework",
				"${BUILT_PRODUCTS_DIR}/Bond/Bond.framework",
				"${BUILT_PRODUCTS_DIR}/DateToolsSwift/DateToolsSwift.framework",
				"${BUILT_PRODUCTS_DIR}/Differ/Differ.framework",
				"${BUILT_PRODUCTS_DIR}/EFQRCode/EFQRCode.framework",
				"${BUILT_PRODUCTS_DIR}/Eureka/Eureka.framework",
				"${BUILT_PRODUCTS_DIR}/Facade/Facade.framework",
				"${BUILT_PRODUCTS_DIR}/Fakery/Fakery.framework",
				"${BUILT_PRODUCTS_DIR}/FontAwesome.swift/FontAwesome_swift.framework",
				"${BUILT_PRODUCTS_DIR}/IQKeyboardManagerSwift/IQKeyboardManagerSwift.framework",
				"${BUILT_PRODUCTS_DIR}/ImageRow/ImageRow.framework",
				"${BUILT_PRODUCTS_DIR}/JSQMessagesViewController/JSQMessagesViewController.framework",
				"${BUILT_PRODUCTS_DIR}/JSQSystemSoundPlayer/JSQSystemSoundPlayer.framework",
				"${BUILT_PRODUCTS_DIR}/KeychainSwift/KeychainSwift.framework",
				"${BUILT_PRODUCTS_DIR}/Kingfisher/Kingfisher.framework",
				"${BUILT_PRODUCTS_DIR}/LoremIpsum/LoremIpsum.framework",
				"${BUILT_PRODUCTS_DIR}/Masonry/Masonry.framework",
				"${BUILT_PRODUCTS_DIR}/NSDate+TimeAgo/NSDate_TimeAgo.framework",
				"${BUILT_PRODUCTS_DIR}/Neon/Neon.framework",
				"${BUILT_PRODUCTS_DIR}/ObjectMapper/ObjectMapper.framework",
				"${BUILT_PRODUCTS_DIR}/PhotoSlider/PhotoSlider.framework",
				"${BUILT_PRODUCTS_DIR}/RSKImageCropper/RSKImageCropper.framework",
				"${BUILT_PRODUCTS_DIR}/ReSwift/ReSwift.framework",
				"${BUILT_PRODUCTS_DIR}/ReactiveKit/ReactiveKit.framework",
				"${BUILT_PRODUCTS_DIR}/SwiftEasyKit/SwiftEasyKit.framework",
				"${BUILT_PRODUCTS_DIR}/SwiftRandom/SwiftRandom.framework",
				"${BUILT_PRODUCTS_DIR}/SwiftWebSocket/SwiftWebSocket.framework",
				"${BUILT_PRODUCTS_DIR}/SwiftyJSON/SwiftyJSON.framework",
				"${BUILT_PRODUCTS_DIR}/SwiftyUserDefaults/SwiftyUserDefaults.framework",
				"${BUILT_PRODUCTS_DIR}/UITextView+Placeholder/UITextView_Placeholder.framework",
				"${BUILT_PRODUCTS_DIR}/iCarousel/iCarousel.framework",
			);
			name = "[CP] Embed Pods Frameworks";
			outputPaths = (
				"${TARGET_BUILD_DIR}/${FRAMEWORKS_FOLDER_PATH}/Alamofire.framework",
				"${TARGET_BUILD_DIR}/${FRAMEWORKS_FOLDER_PATH}/AssistantKit.framework",
				"${TARGET_BUILD_DIR}/${FRAMEWORKS_FOLDER_PATH}/Bond.framework",
				"${TARGET_BUILD_DIR}/${FRAMEWORKS_FOLDER_PATH}/DateToolsSwift.framework",
				"${TARGET_BUILD_DIR}/${FRAMEWORKS_FOLDER_PATH}/Differ.framework",
				"${TARGET_BUILD_DIR}/${FRAMEWORKS_FOLDER_PATH}/EFQRCode.framework",
				"${TARGET_BUILD_DIR}/${FRAMEWORKS_FOLDER_PATH}/Eureka.framework",
				"${TARGET_BUILD_DIR}/${FRAMEWORKS_FOLDER_PATH}/Facade.framework",
				"${TARGET_BUILD_DIR}/${FRAMEWORKS_FOLDER_PATH}/Fakery.framework",
				"${TARGET_BUILD_DIR}/${FRAMEWORKS_FOLDER_PATH}/FontAwesome_swift.framework",
				"${TARGET_BUILD_DIR}/${FRAMEWORKS_FOLDER_PATH}/IQKeyboardManagerSwift.framework",
				"${TARGET_BUILD_DIR}/${FRAMEWORKS_FOLDER_PATH}/ImageRow.framework",
				"${TARGET_BUILD_DIR}/${FRAMEWORKS_FOLDER_PATH}/JSQMessagesViewController.framework",
				"${TARGET_BUILD_DIR}/${FRAMEWORKS_FOLDER_PATH}/JSQSystemSoundPlayer.framework",
				"${TARGET_BUILD_DIR}/${FRAMEWORKS_FOLDER_PATH}/KeychainSwift.framework",
				"${TARGET_BUILD_DIR}/${FRAMEWORKS_FOLDER_PATH}/Kingfisher.framework",
				"${TARGET_BUILD_DIR}/${FRAMEWORKS_FOLDER_PATH}/LoremIpsum.framework",
				"${TARGET_BUILD_DIR}/${FRAMEWORKS_FOLDER_PATH}/Masonry.framework",
				"${TARGET_BUILD_DIR}/${FRAMEWORKS_FOLDER_PATH}/NSDate_TimeAgo.framework",
				"${TARGET_BUILD_DIR}/${FRAMEWORKS_FOLDER_PATH}/Neon.framework",
				"${TARGET_BUILD_DIR}/${FRAMEWORKS_FOLDER_PATH}/ObjectMapper.framework",
				"${TARGET_BUILD_DIR}/${FRAMEWORKS_FOLDER_PATH}/PhotoSlider.framework",
				"${TARGET_BUILD_DIR}/${FRAMEWORKS_FOLDER_PATH}/RSKImageCropper.framework",
				"${TARGET_BUILD_DIR}/${FRAMEWORKS_FOLDER_PATH}/ReSwift.framework",
				"${TARGET_BUILD_DIR}/${FRAMEWORKS_FOLDER_PATH}/ReactiveKit.framework",
				"${TARGET_BUILD_DIR}/${FRAMEWORKS_FOLDER_PATH}/SwiftEasyKit.framework",
				"${TARGET_BUILD_DIR}/${FRAMEWORKS_FOLDER_PATH}/SwiftRandom.framework",
				"${TARGET_BUILD_DIR}/${FRAMEWORKS_FOLDER_PATH}/SwiftWebSocket.framework",
				"${TARGET_BUILD_DIR}/${FRAMEWORKS_FOLDER_PATH}/SwiftyJSON.framework",
				"${TARGET_BUILD_DIR}/${FRAMEWORKS_FOLDER_PATH}/SwiftyUserDefaults.framework",
				"${TARGET_BUILD_DIR}/${FRAMEWORKS_FOLDER_PATH}/UITextView_Placeholder.framework",
				"${TARGET_BUILD_DIR}/${FRAMEWORKS_FOLDER_PATH}/iCarousel.framework",
			);
			runOnlyForDeploymentPostprocessing = 0;
			shellPath = /bin/sh;
			shellScript = "\"${SRCROOT}/Pods/Target Support Files/Pods-iCertAdmin/Pods-iCertAdmin-frameworks.sh\"\n";
			showEnvVarsInLog = 0;
		};
		374BFCCA2015912700EA8DFC /* ShellScript */ = {
			isa = PBXShellScriptBuildPhase;
			buildActionMask = 2147483647;
			files = (
			);
			inputPaths = (
			);
			outputPaths = (
			);
			runOnlyForDeploymentPostprocessing = 0;
			shellPath = /bin/sh;
			shellScript = "\"${PODS_ROOT}/Fabric/run\" 2962e8ee3e17bb86f366a275a57b9448d54ec1e0 1a7fe6d0516c0c92c0b9ff00ec535b614ad378875c33b116a211d540e7f10d4f";
		};
		5BBE24F3DD6DD9C86C04AC68 /* [CP] Copy Pods Resources */ = {
			isa = PBXShellScriptBuildPhase;
			buildActionMask = 2147483647;
			files = (
			);
			inputPaths = (
			);
			name = "[CP] Copy Pods Resources";
			outputPaths = (
			);
			runOnlyForDeploymentPostprocessing = 0;
			shellPath = /bin/sh;
			shellScript = "\"${SRCROOT}/Pods/Target Support Files/Pods-iCertAdmin/Pods-iCertAdmin-resources.sh\"\n";
			showEnvVarsInLog = 0;
		};
		6C570DDA9A8605443555F11C /* [CP] Embed Pods Frameworks */ = {
			isa = PBXShellScriptBuildPhase;
			buildActionMask = 2147483647;
			files = (
			);
			inputPaths = (
			);
			name = "[CP] Embed Pods Frameworks";
			outputPaths = (
			);
			runOnlyForDeploymentPostprocessing = 0;
			shellPath = /bin/sh;
			shellScript = "\"${SRCROOT}/Pods/Target Support Files/Pods-iCertAdminTests/Pods-iCertAdminTests-frameworks.sh\"\n";
			showEnvVarsInLog = 0;
		};
		98BFCC0A1F6C7B362EFFF11B /* [CP] Check Pods Manifest.lock */ = {
			isa = PBXShellScriptBuildPhase;
			buildActionMask = 2147483647;
			files = (
			);
			inputPaths = (
				"${PODS_PODFILE_DIR_PATH}/Podfile.lock",
				"${PODS_ROOT}/Manifest.lock",
			);
			name = "[CP] Check Pods Manifest.lock";
			outputPaths = (
				"$(DERIVED_FILE_DIR)/Pods-iCertAdminUITests-checkManifestLockResult.txt",
			);
			runOnlyForDeploymentPostprocessing = 0;
			shellPath = /bin/sh;
			shellScript = "diff \"${PODS_PODFILE_DIR_PATH}/Podfile.lock\" \"${PODS_ROOT}/Manifest.lock\" > /dev/null\nif [ $? != 0 ] ; then\n    # print error to STDERR\n    echo \"error: The sandbox is not in sync with the Podfile.lock. Run 'pod install' or update your CocoaPods installation.\" >&2\n    exit 1\nfi\n# This output is used by Xcode 'outputs' to avoid re-running this script phase.\necho \"SUCCESS\" > \"${SCRIPT_OUTPUT_FILE_0}\"\n";
			showEnvVarsInLog = 0;
		};
		A91C660A7806ABE603F03E56 /* [CP] Copy Pods Resources */ = {
			isa = PBXShellScriptBuildPhase;
			buildActionMask = 2147483647;
			files = (
			);
			inputPaths = (
			);
			name = "[CP] Copy Pods Resources";
			outputPaths = (
			);
			runOnlyForDeploymentPostprocessing = 0;
			shellPath = /bin/sh;
			shellScript = "\"${SRCROOT}/Pods/Target Support Files/Pods-iCertAdminTests/Pods-iCertAdminTests-resources.sh\"\n";
			showEnvVarsInLog = 0;
		};
		C2F42FAFACE0CF17F1B1C54A /* [CP] Embed Pods Frameworks */ = {
			isa = PBXShellScriptBuildPhase;
			buildActionMask = 2147483647;
			files = (
			);
			inputPaths = (
			);
			name = "[CP] Embed Pods Frameworks";
			outputPaths = (
			);
			runOnlyForDeploymentPostprocessing = 0;
			shellPath = /bin/sh;
			shellScript = "\"${SRCROOT}/Pods/Target Support Files/Pods-iCertAdminUITests/Pods-iCertAdminUITests-frameworks.sh\"\n";
			showEnvVarsInLog = 0;
		};
		D07B2D66BB4ACCE977D2D6F4 /* [CP] Check Pods Manifest.lock */ = {
			isa = PBXShellScriptBuildPhase;
			buildActionMask = 2147483647;
			files = (
			);
			inputPaths = (
				"${PODS_PODFILE_DIR_PATH}/Podfile.lock",
				"${PODS_ROOT}/Manifest.lock",
			);
			name = "[CP] Check Pods Manifest.lock";
			outputPaths = (
				"$(DERIVED_FILE_DIR)/Pods-iCertAdmin-checkManifestLockResult.txt",
			);
			runOnlyForDeploymentPostprocessing = 0;
			shellPath = /bin/sh;
			shellScript = "diff \"${PODS_PODFILE_DIR_PATH}/Podfile.lock\" \"${PODS_ROOT}/Manifest.lock\" > /dev/null\nif [ $? != 0 ] ; then\n    # print error to STDERR\n    echo \"error: The sandbox is not in sync with the Podfile.lock. Run 'pod install' or update your CocoaPods installation.\" >&2\n    exit 1\nfi\n# This output is used by Xcode 'outputs' to avoid re-running this script phase.\necho \"SUCCESS\" > \"${SCRIPT_OUTPUT_FILE_0}\"\n";
			showEnvVarsInLog = 0;
		};
		E8AA223F6DA35DECEAB9E18C /* [CP] Copy Pods Resources */ = {
			isa = PBXShellScriptBuildPhase;
			buildActionMask = 2147483647;
			files = (
			);
			inputPaths = (
			);
			name = "[CP] Copy Pods Resources";
			outputPaths = (
			);
			runOnlyForDeploymentPostprocessing = 0;
			shellPath = /bin/sh;
			shellScript = "\"${SRCROOT}/Pods/Target Support Files/Pods-iCertAdminUITests/Pods-iCertAdminUITests-resources.sh\"\n";
			showEnvVarsInLog = 0;
		};
/* End PBXShellScriptBuildPhase section */

/* Begin PBXSourcesBuildPhase section */
		374BFC8F20158E5D00EA8DFC /* Sources */ = {
			isa = PBXSourcesBuildPhase;
			buildActionMask = 2147483647;
			files = (
				37E97FC52015A89F00A5F492 /* Model.swift in Sources */,
				374BFCC7201590A500EA8DFC /* Configure.swift in Sources */,
				374BFC9920158E5E00EA8DFC /* ViewController.swift in Sources */,
				37E97FC72015A91400A5F492 /* PapersSegmentViewController.swift in Sources */,
				37E97FC32015A87C00A5F492 /* CartsSegmentViewController.swift in Sources */,
				374BFC9720158E5D00EA8DFC /* AppDelegate.swift in Sources */,
				374BFCC520158F5200EA8DFC /* HomeViewController.swift in Sources */,
				374BFCC9201590B800EA8DFC /* LocalDevelopment.swift in Sources */,
			);
			runOnlyForDeploymentPostprocessing = 0;
		};
		374BFCA320158E5E00EA8DFC /* Sources */ = {
			isa = PBXSourcesBuildPhase;
			buildActionMask = 2147483647;
			files = (
				374BFCAC20158E5E00EA8DFC /* iCertAdminTests.swift in Sources */,
			);
			runOnlyForDeploymentPostprocessing = 0;
		};
		374BFCAE20158E5E00EA8DFC /* Sources */ = {
			isa = PBXSourcesBuildPhase;
			buildActionMask = 2147483647;
			files = (
				374BFCB720158E5E00EA8DFC /* iCertAdminUITests.swift in Sources */,
			);
			runOnlyForDeploymentPostprocessing = 0;
		};
/* End PBXSourcesBuildPhase section */

/* Begin PBXTargetDependency section */
		374BFCA920158E5E00EA8DFC /* PBXTargetDependency */ = {
			isa = PBXTargetDependency;
			target = 374BFC9220158E5D00EA8DFC /* iCertAdmin */;
			targetProxy = 374BFCA820158E5E00EA8DFC /* PBXContainerItemProxy */;
		};
		374BFCB420158E5E00EA8DFC /* PBXTargetDependency */ = {
			isa = PBXTargetDependency;
			target = 374BFC9220158E5D00EA8DFC /* iCertAdmin */;
			targetProxy = 374BFCB320158E5E00EA8DFC /* PBXContainerItemProxy */;
		};
/* End PBXTargetDependency section */

/* Begin PBXVariantGroup section */
		374BFC9A20158E5E00EA8DFC /* Main.storyboard */ = {
			isa = PBXVariantGroup;
			children = (
				374BFC9B20158E5E00EA8DFC /* Base */,
			);
			name = Main.storyboard;
			sourceTree = "<group>";
		};
		374BFC9F20158E5E00EA8DFC /* LaunchScreen.storyboard */ = {
			isa = PBXVariantGroup;
			children = (
				374BFCA020158E5E00EA8DFC /* Base */,
			);
			name = LaunchScreen.storyboard;
			sourceTree = "<group>";
		};
/* End PBXVariantGroup section */

/* Begin XCBuildConfiguration section */
		374BFCB920158E5E00EA8DFC /* Debug */ = {
			isa = XCBuildConfiguration;
			buildSettings = {
				ALWAYS_SEARCH_USER_PATHS = NO;
				CLANG_ANALYZER_NONNULL = YES;
				CLANG_ANALYZER_NUMBER_OBJECT_CONVERSION = YES_AGGRESSIVE;
				CLANG_CXX_LANGUAGE_STANDARD = "gnu++14";
				CLANG_CXX_LIBRARY = "libc++";
				CLANG_ENABLE_MODULES = YES;
				CLANG_ENABLE_OBJC_ARC = YES;
				CLANG_WARN_BLOCK_CAPTURE_AUTORELEASING = YES;
				CLANG_WARN_BOOL_CONVERSION = YES;
				CLANG_WARN_COMMA = YES;
				CLANG_WARN_CONSTANT_CONVERSION = YES;
				CLANG_WARN_DIRECT_OBJC_ISA_USAGE = YES_ERROR;
				CLANG_WARN_DOCUMENTATION_COMMENTS = YES;
				CLANG_WARN_EMPTY_BODY = YES;
				CLANG_WARN_ENUM_CONVERSION = YES;
				CLANG_WARN_INFINITE_RECURSION = YES;
				CLANG_WARN_INT_CONVERSION = YES;
				CLANG_WARN_NON_LITERAL_NULL_CONVERSION = YES;
				CLANG_WARN_OBJC_LITERAL_CONVERSION = YES;
				CLANG_WARN_OBJC_ROOT_CLASS = YES_ERROR;
				CLANG_WARN_RANGE_LOOP_ANALYSIS = YES;
				CLANG_WARN_STRICT_PROTOTYPES = YES;
				CLANG_WARN_SUSPICIOUS_MOVE = YES;
				CLANG_WARN_UNGUARDED_AVAILABILITY = YES_AGGRESSIVE;
				CLANG_WARN_UNREACHABLE_CODE = YES;
				CLANG_WARN__DUPLICATE_METHOD_MATCH = YES;
				CODE_SIGN_IDENTITY = "iPhone Developer";
				COPY_PHASE_STRIP = NO;
				DEBUG_INFORMATION_FORMAT = dwarf;
				ENABLE_STRICT_OBJC_MSGSEND = YES;
				ENABLE_TESTABILITY = YES;
				GCC_C_LANGUAGE_STANDARD = gnu11;
				GCC_DYNAMIC_NO_PIC = NO;
				GCC_NO_COMMON_BLOCKS = YES;
				GCC_OPTIMIZATION_LEVEL = 0;
				GCC_PREPROCESSOR_DEFINITIONS = (
					"DEBUG=1",
					"$(inherited)",
				);
				GCC_WARN_64_TO_32_BIT_CONVERSION = YES;
				GCC_WARN_ABOUT_RETURN_TYPE = YES_ERROR;
				GCC_WARN_UNDECLARED_SELECTOR = YES;
				GCC_WARN_UNINITIALIZED_AUTOS = YES_AGGRESSIVE;
				GCC_WARN_UNUSED_FUNCTION = YES;
				GCC_WARN_UNUSED_VARIABLE = YES;
				IPHONEOS_DEPLOYMENT_TARGET = 11.2;
				MTL_ENABLE_DEBUG_INFO = YES;
				ONLY_ACTIVE_ARCH = YES;
				SDKROOT = iphoneos;
				SWIFT_ACTIVE_COMPILATION_CONDITIONS = DEBUG;
				SWIFT_OPTIMIZATION_LEVEL = "-Onone";
			};
			name = Debug;
		};
		374BFCBA20158E5E00EA8DFC /* Release */ = {
			isa = XCBuildConfiguration;
			buildSettings = {
				ALWAYS_SEARCH_USER_PATHS = NO;
				CLANG_ANALYZER_NONNULL = YES;
				CLANG_ANALYZER_NUMBER_OBJECT_CONVERSION = YES_AGGRESSIVE;
				CLANG_CXX_LANGUAGE_STANDARD = "gnu++14";
				CLANG_CXX_LIBRARY = "libc++";
				CLANG_ENABLE_MODULES = YES;
				CLANG_ENABLE_OBJC_ARC = YES;
				CLANG_WARN_BLOCK_CAPTURE_AUTORELEASING = YES;
				CLANG_WARN_BOOL_CONVERSION = YES;
				CLANG_WARN_COMMA = YES;
				CLANG_WARN_CONSTANT_CONVERSION = YES;
				CLANG_WARN_DIRECT_OBJC_ISA_USAGE = YES_ERROR;
				CLANG_WARN_DOCUMENTATION_COMMENTS = YES;
				CLANG_WARN_EMPTY_BODY = YES;
				CLANG_WARN_ENUM_CONVERSION = YES;
				CLANG_WARN_INFINITE_RECURSION = YES;
				CLANG_WARN_INT_CONVERSION = YES;
				CLANG_WARN_NON_LITERAL_NULL_CONVERSION = YES;
				CLANG_WARN_OBJC_LITERAL_CONVERSION = YES;
				CLANG_WARN_OBJC_ROOT_CLASS = YES_ERROR;
				CLANG_WARN_RANGE_LOOP_ANALYSIS = YES;
				CLANG_WARN_STRICT_PROTOTYPES = YES;
				CLANG_WARN_SUSPICIOUS_MOVE = YES;
				CLANG_WARN_UNGUARDED_AVAILABILITY = YES_AGGRESSIVE;
				CLANG_WARN_UNREACHABLE_CODE = YES;
				CLANG_WARN__DUPLICATE_METHOD_MATCH = YES;
				CODE_SIGN_IDENTITY = "iPhone Developer";
				COPY_PHASE_STRIP = NO;
				DEBUG_INFORMATION_FORMAT = "dwarf-with-dsym";
				ENABLE_NS_ASSERTIONS = NO;
				ENABLE_STRICT_OBJC_MSGSEND = YES;
				GCC_C_LANGUAGE_STANDARD = gnu11;
				GCC_NO_COMMON_BLOCKS = YES;
				GCC_WARN_64_TO_32_BIT_CONVERSION = YES;
				GCC_WARN_ABOUT_RETURN_TYPE = YES_ERROR;
				GCC_WARN_UNDECLARED_SELECTOR = YES;
				GCC_WARN_UNINITIALIZED_AUTOS = YES_AGGRESSIVE;
				GCC_WARN_UNUSED_FUNCTION = YES;
				GCC_WARN_UNUSED_VARIABLE = YES;
				IPHONEOS_DEPLOYMENT_TARGET = 11.2;
				MTL_ENABLE_DEBUG_INFO = NO;
				SDKROOT = iphoneos;
				SWIFT_OPTIMIZATION_LEVEL = "-Owholemodule";
				VALIDATE_PRODUCT = YES;
			};
			name = Release;
		};
		374BFCBC20158E5E00EA8DFC /* Debug */ = {
			isa = XCBuildConfiguration;
			baseConfigurationReference = FEC31C5A3E6F42717E671D23 /* Pods-iCertAdmin.debug.xcconfig */;
			buildSettings = {
				ASSETCATALOG_COMPILER_APPICON_NAME = AppIcon;
				"CODE_SIGN_IDENTITY[sdk=iphoneos*]" = "iPhone Developer";
				CODE_SIGN_STYLE = Automatic;
				DEVELOPMENT_TEAM = BML6K5Z9LJ;
				INFOPLIST_FILE = iCertAdmin/Info.plist;
				LD_RUNPATH_SEARCH_PATHS = "$(inherited) @executable_path/Frameworks";
				PRODUCT_BUNDLE_IDENTIFIER = com.airfont.iCertAdmin;
				PRODUCT_NAME = "$(TARGET_NAME)";
				PROVISIONING_PROFILE = "";
				PROVISIONING_PROFILE_SPECIFIER = "";
				SWIFT_VERSION = 4.0;
				TARGETED_DEVICE_FAMILY = "1,2";
			};
			name = Debug;
		};
		374BFCBD20158E5E00EA8DFC /* Release */ = {
			isa = XCBuildConfiguration;
			baseConfigurationReference = 1F756846652B5083ECCBACD1 /* Pods-iCertAdmin.release.xcconfig */;
			buildSettings = {
				ASSETCATALOG_COMPILER_APPICON_NAME = AppIcon;
				"CODE_SIGN_IDENTITY[sdk=iphoneos*]" = "iPhone Developer";
				CODE_SIGN_STYLE = Automatic;
				DEVELOPMENT_TEAM = BML6K5Z9LJ;
				INFOPLIST_FILE = iCertAdmin/Info.plist;
				LD_RUNPATH_SEARCH_PATHS = "$(inherited) @executable_path/Frameworks";
				PRODUCT_BUNDLE_IDENTIFIER = com.airfont.iCertAdmin;
				PRODUCT_NAME = "$(TARGET_NAME)";
				PROVISIONING_PROFILE_SPECIFIER = "";
				SWIFT_VERSION = 4.0;
				TARGETED_DEVICE_FAMILY = "1,2";
			};
			name = Release;
		};
		374BFCBF20158E5E00EA8DFC /* Debug */ = {
			isa = XCBuildConfiguration;
			baseConfigurationReference = D024885FA95FB782FA93A8FA /* Pods-iCertAdminTests.debug.xcconfig */;
			buildSettings = {
				ALWAYS_EMBED_SWIFT_STANDARD_LIBRARIES = YES;
				BUNDLE_LOADER = "$(TEST_HOST)";
				CODE_SIGN_STYLE = Automatic;
				DEVELOPMENT_TEAM = BML6K5Z9LJ;
				INFOPLIST_FILE = iCertAdminTests/Info.plist;
				LD_RUNPATH_SEARCH_PATHS = "$(inherited) @executable_path/Frameworks @loader_path/Frameworks";
				PRODUCT_BUNDLE_IDENTIFIER = com.airfont.iCertAdminTests;
				PRODUCT_NAME = "$(TARGET_NAME)";
				SWIFT_VERSION = 4.0;
				TARGETED_DEVICE_FAMILY = "1,2";
				TEST_HOST = "$(BUILT_PRODUCTS_DIR)/iCertAdmin.app/iCertAdmin";
			};
			name = Debug;
		};
		374BFCC020158E5E00EA8DFC /* Release */ = {
			isa = XCBuildConfiguration;
			baseConfigurationReference = A4BC2C6A44319CA646D915B9 /* Pods-iCertAdminTests.release.xcconfig */;
			buildSettings = {
				ALWAYS_EMBED_SWIFT_STANDARD_LIBRARIES = YES;
				BUNDLE_LOADER = "$(TEST_HOST)";
				CODE_SIGN_STYLE = Automatic;
				DEVELOPMENT_TEAM = BML6K5Z9LJ;
				INFOPLIST_FILE = iCertAdminTests/Info.plist;
				LD_RUNPATH_SEARCH_PATHS = "$(inherited) @executable_path/Frameworks @loader_path/Frameworks";
				PRODUCT_BUNDLE_IDENTIFIER = com.airfont.iCertAdminTests;
				PRODUCT_NAME = "$(TARGET_NAME)";
				SWIFT_VERSION = 4.0;
				TARGETED_DEVICE_FAMILY = "1,2";
				TEST_HOST = "$(BUILT_PRODUCTS_DIR)/iCertAdmin.app/iCertAdmin";
			};
			name = Release;
		};
		374BFCC220158E5E00EA8DFC /* Debug */ = {
			isa = XCBuildConfiguration;
			baseConfigurationReference = 2F09A09E0FA49E600FB0D086 /* Pods-iCertAdminUITests.debug.xcconfig */;
			buildSettings = {
				ALWAYS_EMBED_SWIFT_STANDARD_LIBRARIES = YES;
				CODE_SIGN_STYLE = Automatic;
				DEVELOPMENT_TEAM = BML6K5Z9LJ;
				INFOPLIST_FILE = iCertAdminUITests/Info.plist;
				LD_RUNPATH_SEARCH_PATHS = "$(inherited) @executable_path/Frameworks @loader_path/Frameworks";
				PRODUCT_BUNDLE_IDENTIFIER = com.airfont.iCertAdminUITests;
				PRODUCT_NAME = "$(TARGET_NAME)";
				SWIFT_VERSION = 4.0;
				TARGETED_DEVICE_FAMILY = "1,2";
				TEST_TARGET_NAME = iCertAdmin;
			};
			name = Debug;
		};
		374BFCC320158E5E00EA8DFC /* Release */ = {
			isa = XCBuildConfiguration;
			baseConfigurationReference = BFDA3C1E739BEA4C2DDF7308 /* Pods-iCertAdminUITests.release.xcconfig */;
			buildSettings = {
				ALWAYS_EMBED_SWIFT_STANDARD_LIBRARIES = YES;
				CODE_SIGN_STYLE = Automatic;
				DEVELOPMENT_TEAM = BML6K5Z9LJ;
				INFOPLIST_FILE = iCertAdminUITests/Info.plist;
				LD_RUNPATH_SEARCH_PATHS = "$(inherited) @executable_path/Frameworks @loader_path/Frameworks";
				PRODUCT_BUNDLE_IDENTIFIER = com.airfont.iCertAdminUITests;
				PRODUCT_NAME = "$(TARGET_NAME)";
				SWIFT_VERSION = 4.0;
				TARGETED_DEVICE_FAMILY = "1,2";
				TEST_TARGET_NAME = iCertAdmin;
			};
			name = Release;
		};
/* End XCBuildConfiguration section */

/* Begin XCConfigurationList section */
		374BFC8E20158E5D00EA8DFC /* Build configuration list for PBXProject "iCertAdmin" */ = {
			isa = XCConfigurationList;
			buildConfigurations = (
				374BFCB920158E5E00EA8DFC /* Debug */,
				374BFCBA20158E5E00EA8DFC /* Release */,
			);
			defaultConfigurationIsVisible = 0;
			defaultConfigurationName = Release;
		};
		374BFCBB20158E5E00EA8DFC /* Build configuration list for PBXNativeTarget "iCertAdmin" */ = {
			isa = XCConfigurationList;
			buildConfigurations = (
				374BFCBC20158E5E00EA8DFC /* Debug */,
				374BFCBD20158E5E00EA8DFC /* Release */,
			);
			defaultConfigurationIsVisible = 0;
			defaultConfigurationName = Release;
		};
		374BFCBE20158E5E00EA8DFC /* Build configuration list for PBXNativeTarget "iCertAdminTests" */ = {
			isa = XCConfigurationList;
			buildConfigurations = (
				374BFCBF20158E5E00EA8DFC /* Debug */,
				374BFCC020158E5E00EA8DFC /* Release */,
			);
			defaultConfigurationIsVisible = 0;
			defaultConfigurationName = Release;
		};
		374BFCC120158E5E00EA8DFC /* Build configuration list for PBXNativeTarget "iCertAdminUITests" */ = {
			isa = XCConfigurationList;
			buildConfigurations = (
				374BFCC220158E5E00EA8DFC /* Debug */,
				374BFCC320158E5E00EA8DFC /* Release */,
			);
			defaultConfigurationIsVisible = 0;
			defaultConfigurationName = Release;
		};
/* End XCConfigurationList section */
	};
	rootObject = 374BFC8B20158E5D00EA8DFC /* Project object */;
}
